
Microsoft Visual Studio Solution File, Format Version 12.00
# Visual Studio 2012
Project("{FAE04EC0-301F-11D3-BF4B-00C04F79EFBC}") = "Tema.Plan.Domain", "Tema.Plan.Domain\Tema.Plan.Domain.csproj", "{07E39D40-E22E-4702-8C6B-489E67CB4F06}"
EndProject
Project("{FAE04EC0-301F-11D3-BF4B-00C04F79EFBC}") = "Api", "Api\Api.csproj", "{FCD05E4D-273E-475A-BB09-09C1A200D16A}"
EndProject
Global
	GlobalSection(SolutionConfigurationPlatforms) = preSolution
		Debug|Any CPU = Debug|Any CPU
		Release|Any CPU = Release|Any CPU
	EndGlobalSection
	GlobalSection(ProjectConfigurationPlatforms) = postSolution
		{07E39D40-E22E-4702-8C6B-489E67CB4F06}.Debug|Any CPU.ActiveCfg = Debug|Any CPU
		{07E39D40-E22E-4702-8C6B-489E67CB4F06}.Debug|Any CPU.Build.0 = Debug|Any CPU
		{07E39D40-E22E-4702-8C6B-489E67CB4F06}.Release|Any CPU.ActiveCfg = Release|Any CPU
		{07E39D40-E22E-4702-8C6B-489E67CB4F06}.Release|Any CPU.Build.0 = Release|Any CPU
		{FCD05E4D-273E-475A-BB09-09C1A200D16A}.Debug|Any CPU.ActiveCfg = Debug|Any CPU
		{FCD05E4D-273E-475A-BB09-09C1A200D16A}.Debug|Any CPU.Build.0 = Debug|Any CPU
		{FCD05E4D-273E-475A-BB09-09C1A200D16A}.Release|Any CPU.ActiveCfg = Release|Any CPU
		{FCD05E4D-273E-475A-BB09-09C1A200D16A}.Release|Any CPU.Build.0 = Release|Any CPU
	EndGlobalSection
	GlobalSection(SolutionProperties) = preSolution
		HideSolutionNode = FALSE
	EndGlobalSection
EndGlobal
